
Microsoft Visual Studio Solution File, Format Version 12.00
# Visual Studio Version 17
VisualStudioVersion = 17.6.33829.357
MinimumVisualStudioVersion = 10.0.40219.1
Project("{8BC9CEB8-8B4A-11D0-8D11-00A0C91BC942}") = "OpenGLEnvironment", "OpenGLEnvironment.vcxproj", "{AD469818-7717-4BE7-A04A-7200AB18BAD2}"
EndProject
Project("{8BC9CEB8-8B4A-11D0-8D11-00A0C91BC942}") = "SampleGPUInformation", "SampleGPUInformation\SampleGPUInformation.vcxproj", "{1FECD49C-FD90-4B62-BF80-2CA13B09F40E}"
EndProject
Project("{8BC9CEB8-8B4A-11D0-8D11-00A0C91BC942}") = "SampleWalkingPerspective", "SampleWalkingPerspective\SampleWalkingPerspective.vcxproj", "{8422571D-BFF5-4A18-9A23-2FF50558D761}"
EndProject
Global
	GlobalSection(SolutionConfigurationPlatforms) = preSolution
		Debug|x64 = Debug|x64
		Debug|x86 = Debug|x86
		Release|x64 = Release|x64
		Release|x86 = Release|x86
	EndGlobalSection
	GlobalSection(ProjectConfigurationPlatforms) = postSolution
		{AD469818-7717-4BE7-A04A-7200AB18BAD2}.Debug|x64.ActiveCfg = Debug|x64
		{AD469818-7717-4BE7-A04A-7200AB18BAD2}.Debug|x64.Build.0 = Debug|x64
		{AD469818-7717-4BE7-A04A-7200AB18BAD2}.Debug|x86.ActiveCfg = Debug|Win32
		{AD469818-7717-4BE7-A04A-7200AB18BAD2}.Debug|x86.Build.0 = Debug|Win32
		{AD469818-7717-4BE7-A04A-7200AB18BAD2}.Release|x64.ActiveCfg = Release|x64
		{AD469818-7717-4BE7-A04A-7200AB18BAD2}.Release|x64.Build.0 = Release|x64
		{AD469818-7717-4BE7-A04A-7200AB18BAD2}.Release|x86.ActiveCfg = Release|Win32
		{AD469818-7717-4BE7-A04A-7200AB18BAD2}.Release|x86.Build.0 = Release|Win32
		{1FECD49C-FD90-4B62-BF80-2CA13B09F40E}.Debug|x64.ActiveCfg = Debug|x64
		{1FECD49C-FD90-4B62-BF80-2CA13B09F40E}.Debug|x64.Build.0 = Debug|x64
		{1FECD49C-FD90-4B62-BF80-2CA13B09F40E}.Debug|x86.ActiveCfg = Debug|Win32
		{1FECD49C-FD90-4B62-BF80-2CA13B09F40E}.Debug|x86.Build.0 = Debug|Win32
		{1FECD49C-FD90-4B62-BF80-2CA13B09F40E}.Release|x64.ActiveCfg = Release|x64
		{1FECD49C-FD90-4B62-BF80-2CA13B09F40E}.Release|x64.Build.0 = Release|x64
		{1FECD49C-FD90-4B62-BF80-2CA13B09F40E}.Release|x86.ActiveCfg = Release|Win32
		{1FECD49C-FD90-4B62-BF80-2CA13B09F40E}.Release|x86.Build.0 = Release|Win32
		{8422571D-BFF5-4A18-9A23-2FF50558D761}.Debug|x64.ActiveCfg = Debug|x64
		{8422571D-BFF5-4A18-9A23-2FF50558D761}.Debug|x64.Build.0 = Debug|x64
		{8422571D-BFF5-4A18-9A23-2FF50558D761}.Debug|x86.ActiveCfg = Debug|Win32
		{8422571D-BFF5-4A18-9A23-2FF50558D761}.Debug|x86.Build.0 = Debug|Win32
		{8422571D-BFF5-4A18-9A23-2FF50558D761}.Release|x64.ActiveCfg = Release|x64
		{8422571D-BFF5-4A18-9A23-2FF50558D761}.Release|x64.Build.0 = Release|x64
		{8422571D-BFF5-4A18-9A23-2FF50558D761}.Release|x86.ActiveCfg = Release|Win32
		{8422571D-BFF5-4A18-9A23-2FF50558D761}.Release|x86.Build.0 = Release|Win32
	EndGlobalSection
	GlobalSection(SolutionProperties) = preSolution
		HideSolutionNode = FALSE
	EndGlobalSection
	GlobalSection(ExtensibilityGlobals) = postSolution
		SolutionGuid = {0B5F3B56-1B4D-4285-BE05-42F28F9C2355}
	EndGlobalSection
EndGlobal
